
Microsoft Visual Studio Solution File, Format Version 12.00
# Visual Studio 15
VisualStudioVersion = 15.0.27703.2000
MinimumVisualStudioVersion = 10.0.40219.1
Project("{FAE04EC0-301F-11D3-BF4B-00C04F79EFBC}") = "CppCompiler", "CppCompiler\CppCompiler.csproj", "{AD0F502B-D5A2-4DCA-A34D-D04592CB4503}"
EndProject
Global
	GlobalSection(SolutionConfigurationPlatforms) = preSolution
		Debug|Any CPU = Debug|Any CPU
		Release|Any CPU = Release|Any CPU
	EndGlobalSection
	GlobalSection(ProjectConfigurationPlatforms) = postSolution
		{AD0F502B-D5A2-4DCA-A34D-D04592CB4503}.Debug|Any CPU.ActiveCfg = Debug|Any CPU
		{AD0F502B-D5A2-4DCA-A34D-D04592CB4503}.Debug|Any CPU.Build.0 = Debug|Any CPU
		{AD0F502B-D5A2-4DCA-A34D-D04592CB4503}.Release|Any CPU.ActiveCfg = Release|Any CPU
		{AD0F502B-D5A2-4DCA-A34D-D04592CB4503}.Release|Any CPU.Build.0 = Release|Any CPU
	EndGlobalSection
	GlobalSection(SolutionProperties) = preSolution
		HideSolutionNode = FALSE
	EndGlobalSection
	GlobalSection(ExtensibilityGlobals) = postSolution
		SolutionGuid = {87EABE9C-9138-4282-99DA-6A73D90C13FB}
	EndGlobalSection
EndGlobal
